lockfileVersion: 5.4

specifiers:
  '@rollup/plugin-commonjs': ^25.0.7
  '@rollup/plugin-node-resolve': ^15.2.3
  '@rollup/plugin-terser': ^0.4.4
  lodash-es: ^4.17.21
  prettier: ^3.0.3
  rollup: ^4.3.0
  rollup-plugin-copy: ^3.5.0
  rollup-plugin-node-resolve: ^5.2.0

dependencies:
  lodash-es: registry.npmjs.org/lodash-es/4.17.21

devDependencies:
  '@rollup/plugin-commonjs': registry.npmjs.org/@rollup/plugin-commonjs/25.0.7_rollup@4.3.0
  '@rollup/plugin-node-resolve': registry.npmjs.org/@rollup/plugin-node-resolve/15.2.3_rollup@4.3.0
  '@rollup/plugin-terser': registry.npmjs.org/@rollup/plugin-terser/0.4.4_rollup@4.3.0
  prettier: registry.npmjs.org/prettier/3.0.3
  rollup: registry.npmjs.org/rollup/4.3.0
  rollup-plugin-copy: registry.npmjs.org/rollup-plugin-copy/3.5.0
  rollup-plugin-node-resolve: registry.npmjs.org/rollup-plugin-node-resolve/5.2.0_rollup@4.3.0

packages:

  registry.npmjs.org/@jridgewell/gen-mapping/0.3.3:
    resolution: {integrity: sha512-HLhSWOLRi875zjjMG/r+Nv0oCW8umGb0BgEhyX3dDX3egwZtB8PqLnjz3yedt8R5StBrzcg4aBpnh8UA9D1BoQ==, registry: https://registry.yarnpkg.com/, tarball: https://registry.npmjs.org/@jridgewell/gen-mapping/-/gen-mapping-0.3.3.tgz}
    name: '@jridgewell/gen-mapping'
    version: 0.3.3
    engines: {node: '>=6.0.0'}
    dependencies:
      '@jridgewell/set-array': registry.npmjs.org/@jridgewell/set-array/1.1.2
      '@jridgewell/sourcemap-codec': registry.npmjs.org/@jridgewell/sourcemap-codec/1.4.15
      '@jridgewell/trace-mapping': registry.npmjs.org/@jridgewell/trace-mapping/0.3.20
    dev: true

  registry.npmjs.org/@jridgewell/resolve-uri/3.1.1:
    resolution: {integrity: sha512-dSYZh7HhCDtCKm4QakX0xFpsRDqjjtZf/kjI/v3T3Nwt5r8/qz/M19F9ySyOqU94SXBmeG9ttTul+YnR4LOxFA==, registry: https://registry.yarnpkg.com/, tarball: https://registry.npmjs.org/@jridgewell/resolve-uri/-/resolve-uri-3.1.1.tgz}
    name: '@jridgewell/resolve-uri'
    version: 3.1.1
    engines: {node: '>=6.0.0'}
    dev: true

  registry.npmjs.org/@jridgewell/set-array/1.1.2:
    resolution: {integrity: sha512-xnkseuNADM0gt2bs+BvhO0p78Mk762YnZdsuzFV018NoG1Sj1SCQvpSqa7XUaTam5vAGasABV9qXASMKnFMwMw==, registry: https://registry.yarnpkg.com/, tarball: https://registry.npmjs.org/@jridgewell/set-array/-/set-array-1.1.2.tgz}
    name: '@jridgewell/set-array'
    version: 1.1.2
    engines: {node: '>=6.0.0'}
    dev: true

  registry.npmjs.org/@jridgewell/source-map/0.3.5:
    resolution: {integrity: sha512-UTYAUj/wviwdsMfzoSJspJxbkH5o1snzwX0//0ENX1u/55kkZZkcTZP6u9bwKGkv+dkk9at4m1Cpt0uY80kcpQ==, registry: https://registry.yarnpkg.com/, tarball: https://registry.npmjs.org/@jridgewell/source-map/-/source-map-0.3.5.tgz}
    name: '@jridgewell/source-map'
    version: 0.3.5
    dependencies:
      '@jridgewell/gen-mapping': registry.npmjs.org/@jridgewell/gen-mapping/0.3.3
      '@jridgewell/trace-mapping': registry.npmjs.org/@jridgewell/trace-mapping/0.3.20
    dev: true

  registry.npmjs.org/@jridgewell/sourcemap-codec/1.4.15:
    resolution: {integrity: sha512-eF2rxCRulEKXHTRiDrDy6erMYWqNw4LPdQ8UQA4huuxaQsVeRPFl2oM8oDGxMFhJUWZf9McpLtJasDDZb/Bpeg==, registry: https://registry.yarnpkg.com/, tarball: https://registry.npmjs.org/@jridgewell/sourcemap-codec/-/sourcemap-codec-1.4.15.tgz}
    name: '@jridgewell/sourcemap-codec'
    version: 1.4.15
    dev: true

  registry.npmjs.org/@jridgewell/trace-mapping/0.3.20:
    resolution: {integrity: sha512-R8LcPeWZol2zR8mmH3JeKQ6QRCFb7XgUhV9ZlGhHLGyg4wpPiPZNQOOWhFZhxKw8u//yTbNGI42Bx/3paXEQ+Q==, registry: https://registry.yarnpkg.com/, tarball: https://registry.npmjs.org/@jridgewell/trace-mapping/-/trace-mapping-0.3.20.tgz}
    name: '@jridgewell/trace-mapping'
    version: 0.3.20
    dependencies:
      '@jridgewell/resolve-uri': registry.npmjs.org/@jridgewell/resolve-uri/3.1.1
      '@jridgewell/sourcemap-codec': registry.npmjs.org/@jridgewell/sourcemap-codec/1.4.15
    dev: true

  registry.npmjs.org/@nodelib/fs.scandir/2.1.5:
    resolution: {integrity: sha512-vq24Bq3ym5HEQm2NKCr3yXDwjc7vTsEThRDnkp2DK9p1uqLR+DHurm/NOTo0KG7HYHU7eppKZj3MyqYuMBf62g==, registry: https://registry.yarnpkg.com/, tarball: https://registry.npmjs.org/@nodelib/fs.scandir/-/fs.scandir-2.1.5.tgz}
    name: '@nodelib/fs.scandir'
    version: 2.1.5
    engines: {node: '>= 8'}
    dependencies:
      '@nodelib/fs.stat': registry.npmjs.org/@nodelib/fs.stat/2.0.5
      run-parallel: registry.npmjs.org/run-parallel/1.2.0
    dev: true

  registry.npmjs.org/@nodelib/fs.stat/2.0.5:
    resolution: {integrity: sha512-RkhPPp2zrqDAQA/2jNhnztcPAlv64XdhIp7a7454A5ovI7Bukxgt7MX7udwAu3zg1DcpPU0rz3VV1SeaqvY4+A==, registry: https://registry.yarnpkg.com/, tarball: https://registry.npmjs.org/@nodelib/fs.stat/-/fs.stat-2.0.5.tgz}
    name: '@nodelib/fs.stat'
    version: 2.0.5
    engines: {node: '>= 8'}
    dev: true

  registry.npmjs.org/@nodelib/fs.walk/1.2.8:
    resolution: {integrity: sha512-oGB+UxlgWcgQkgwo8GcEGwemoTFt3FIO9ababBmaGwXIoBKZ+GTy0pP185beGg7Llih/NSHSV2XAs1lnznocSg==, registry: https://registry.yarnpkg.com/, tarball: https://registry.npmjs.org/@nodelib/fs.walk/-/fs.walk-1.2.8.tgz}
    name: '@nodelib/fs.walk'
    version: 1.2.8
    engines: {node: '>= 8'}
    dependencies:
      '@nodelib/fs.scandir': registry.npmjs.org/@nodelib/fs.scandir/2.1.5
      fastq: registry.npmjs.org/fastq/1.15.0
    dev: true

  registry.npmjs.org/@rollup/plugin-commonjs/25.0.7_rollup@4.3.0:
    resolution: {integrity: sha512-nEvcR+LRjEjsaSsc4x3XZfCCvZIaSMenZu/OiwOKGN2UhQpAYI7ru7czFvyWbErlpoGjnSX3D5Ch5FcMA3kRWQ==, registry: https://registry.yarnpkg.com/, tarball: https://registry.npmjs.org/@rollup/plugin-commonjs/-/plugin-commonjs-25.0.7.tgz}
    id: registry.npmjs.org/@rollup/plugin-commonjs/25.0.7
    name: '@rollup/plugin-commonjs'
    version: 25.0.7
    engines: {node: '>=14.0.0'}
    peerDependencies:
      rollup: ^2.68.0||^3.0.0||^4.0.0
    peerDependenciesMeta:
      rollup:
        optional: true
    dependencies:
      '@rollup/pluginutils': registry.npmjs.org/@rollup/pluginutils/5.0.5_rollup@4.3.0
      commondir: registry.npmjs.org/commondir/1.0.1
      estree-walker: registry.npmjs.org/estree-walker/2.0.2
      glob: registry.npmjs.org/glob/8.1.0
      is-reference: registry.npmjs.org/is-reference/1.2.1
      magic-string: registry.npmjs.org/magic-string/0.30.5
      rollup: registry.npmjs.org/rollup/4.3.0
    dev: true

  registry.npmjs.org/@rollup/plugin-node-resolve/15.2.3_rollup@4.3.0:
    resolution: {integrity: sha512-j/lym8nf5E21LwBT4Df1VD6hRO2L2iwUeUmP7litikRsVp1H6NWx20NEp0Y7su+7XGc476GnXXc4kFeZNGmaSQ==, registry: https://registry.yarnpkg.com/, tarball: https://registry.npmjs.org/@rollup/plugin-node-resolve/-/plugin-node-resolve-15.2.3.tgz}
    id: registry.npmjs.org/@rollup/plugin-node-resolve/15.2.3
    name: '@rollup/plugin-node-resolve'
    version: 15.2.3
    engines: {node: '>=14.0.0'}
    peerDependencies:
      rollup: ^2.78.0||^3.0.0||^4.0.0
    peerDependenciesMeta:
      rollup:
        optional: true
    dependencies:
      '@rollup/pluginutils': registry.npmjs.org/@rollup/pluginutils/5.0.5_rollup@4.3.0
      '@types/resolve': registry.npmjs.org/@types/resolve/1.20.2
      deepmerge: registry.npmjs.org/deepmerge/4.3.1
      is-builtin-module: registry.npmjs.org/is-builtin-module/3.2.1
      is-module: registry.npmjs.org/is-module/1.0.0
      resolve: registry.npmjs.org/resolve/1.22.8
      rollup: registry.npmjs.org/rollup/4.3.0
    dev: true

  registry.npmjs.org/@rollup/plugin-terser/0.4.4_rollup@4.3.0:
    resolution: {integrity: sha512-XHeJC5Bgvs8LfukDwWZp7yeqin6ns8RTl2B9avbejt6tZqsqvVoWI7ZTQrcNsfKEDWBTnTxM8nMDkO2IFFbd0A==, registry: https://registry.yarnpkg.com/, tarball: https://registry.npmjs.org/@rollup/plugin-terser/-/plugin-terser-0.4.4.tgz}
    id: registry.npmjs.org/@rollup/plugin-terser/0.4.4
    name: '@rollup/plugin-terser'
    version: 0.4.4
    engines: {node: '>=14.0.0'}
    peerDependencies:
      rollup: ^2.0.0||^3.0.0||^4.0.0
    peerDependenciesMeta:
      rollup:
        optional: true
    dependencies:
      rollup: registry.npmjs.org/rollup/4.3.0
      serialize-javascript: registry.npmjs.org/serialize-javascript/6.0.1
      smob: registry.npmjs.org/smob/1.4.1
      terser: registry.npmjs.org/terser/5.24.0
    dev: true

  registry.npmjs.org/@rollup/pluginutils/5.0.5_rollup@4.3.0:
    resolution: {integrity: sha512-6aEYR910NyP73oHiJglti74iRyOwgFU4x3meH/H8OJx6Ry0j6cOVZ5X/wTvub7G7Ao6qaHBEaNsV3GLJkSsF+Q==, registry: https://registry.yarnpkg.com/, tarball: https://registry.npmjs.org/@rollup/pluginutils/-/pluginutils-5.0.5.tgz}
    id: registry.npmjs.org/@rollup/pluginutils/5.0.5
    name: '@rollup/pluginutils'
    version: 5.0.5
    engines: {node: '>=14.0.0'}
    peerDependencies:
      rollup: ^1.20.0||^2.0.0||^3.0.0||^4.0.0
    peerDependenciesMeta:
      rollup:
        optional: true
    dependencies:
      '@types/estree': registry.npmjs.org/@types/estree/1.0.4
      estree-walker: registry.npmjs.org/estree-walker/2.0.2
      picomatch: registry.npmjs.org/picomatch/2.3.1
      rollup: registry.npmjs.org/rollup/4.3.0
    dev: true

  registry.npmjs.org/@rollup/rollup-android-arm-eabi/4.3.0:
    resolution: {integrity: sha512-/4pns6BYi8MXdwnXM44yoGAcFYVHL/BYlB2q1HXZ6AzH++LaiEVWFpBWQ/glXhbMbv3E3o09igrHFbP/snhAvA==, registry: https://registry.yarnpkg.com/, tarball: https://registry.npmjs.org/@rollup/rollup-android-arm-eabi/-/rollup-android-arm-eabi-4.3.0.tgz}
    name: '@rollup/rollup-android-arm-eabi'
    version: 4.3.0
    cpu: [arm]
    os: [android]
    requiresBuild: true
    dev: true
    optional: true

  registry.npmjs.org/@rollup/rollup-android-arm64/4.3.0:
    resolution: {integrity: sha512-nLO/JsL9idr416vzi3lHm3Xm+QZh4qHij8k3Er13kZr5YhL7/+kBAx84kDmPc7HMexLmwisjDCeDIKNFp8mDlQ==, registry: https://registry.yarnpkg.com/, tarball: https://registry.npmjs.org/@rollup/rollup-android-arm64/-/rollup-android-arm64-4.3.0.tgz}
    name: '@rollup/rollup-android-arm64'
    version: 4.3.0
    cpu: [arm64]
    os: [android]
    requiresBuild: true
    dev: true
    optional: true

  registry.npmjs.org/@rollup/rollup-darwin-arm64/4.3.0:
    resolution: {integrity: sha512-dGhVBlllt4iHwTGy21IEoMOTN5wZoid19zEIxsdY29xcEiOEHqzDa7Sqrkh5OE7LKCowL61eFJXxYe/+pYa7ZQ==, registry: https://registry.yarnpkg.com/, tarball: https://registry.npmjs.org/@rollup/rollup-darwin-arm64/-/rollup-darwin-arm64-4.3.0.tgz}
    name: '@rollup/rollup-darwin-arm64'
    version: 4.3.0
    cpu: [arm64]
    os: [darwin]
    requiresBuild: true
    dev: true
    optional: true

  registry.npmjs.org/@rollup/rollup-darwin-x64/4.3.0:
    resolution: {integrity: sha512-h8wRfHeLEbU3NzaP1Oku7BYXCJQiTRr+8U0lklyOQXxXiEpHLL8tk1hFl+tezoRKLcPJD7joKaK74ASsqt3Ekg==, registry: https://registry.yarnpkg.com/, tarball: https://registry.npmjs.org/@rollup/rollup-darwin-x64/-/rollup-darwin-x64-4.3.0.tgz}
    name: '@rollup/rollup-darwin-x64'
    version: 4.3.0
    cpu: [x64]
    os: [darwin]
    requiresBuild: true
    dev: true
    optional: true

  registry.npmjs.org/@rollup/rollup-linux-arm-gnueabihf/4.3.0:
    resolution: {integrity: sha512-wP4VgR/gfV18sylTuym3sxRTkAgUR2vh6YLeX/GEznk5jCYcYSlx585XlcUcl0c8UffIZlRJ09raWSX3JDb4GA==, registry: https://registry.yarnpkg.com/, tarball: https://registry.npmjs.org/@rollup/rollup-linux-arm-gnueabihf/-/rollup-linux-arm-gnueabihf-4.3.0.tgz}
    name: '@rollup/rollup-linux-arm-gnueabihf'
    version: 4.3.0
    cpu: [arm]
    os: [linux]
    requiresBuild: true
    dev: true
    optional: true

  registry.npmjs.org/@rollup/rollup-linux-arm64-gnu/4.3.0:
    resolution: {integrity: sha512-v/14JCYVkqRSJeQbxFx4oUkwVQQw6lFMN7bd4vuARBc3X2lmomkxBsc+BFiIDL/BK+CTx5AOh/k9XmqDnKWRVg==, registry: https://registry.yarnpkg.com/, tarball: https://registry.npmjs.org/@rollup/rollup-linux-arm64-gnu/-/rollup-linux-arm64-gnu-4.3.0.tgz}
    name: '@rollup/rollup-linux-arm64-gnu'
    version: 4.3.0
    cpu: [arm64]
    os: [linux]
    requiresBuild: true
    dev: true
    optional: true

  registry.npmjs.org/@rollup/rollup-linux-arm64-musl/4.3.0:
    resolution: {integrity: sha512-tNhfYqFH5OxtRzfkTOKdgFYlPSZnlDLNW4+leNEvQZhwTJxoTwsZAAhR97l3qVry/kkLyJPBK+Q8EAJLPinDIg==, registry: https://registry.yarnpkg.com/, tarball: https://registry.npmjs.org/@rollup/rollup-linux-arm64-musl/-/rollup-linux-arm64-musl-4.3.0.tgz}
    name: '@rollup/rollup-linux-arm64-musl'
    version: 4.3.0
    cpu: [arm64]
    os: [linux]
    requiresBuild: true
    dev: true
    optional: true

  registry.npmjs.org/@rollup/rollup-linux-x64-gnu/4.3.0:
    resolution: {integrity: sha512-pw77m8QywdsoFdFOgmc8roF1inBI0rciqzO8ffRUgLoq7+ee9o5eFqtEcS6hHOOplgifAUUisP8cAnwl9nUYPw==, registry: https://registry.yarnpkg.com/, tarball: https://registry.npmjs.org/@rollup/rollup-linux-x64-gnu/-/rollup-linux-x64-gnu-4.3.0.tgz}
    name: '@rollup/rollup-linux-x64-gnu'
    version: 4.3.0
    cpu: [x64]
    os: [linux]
    requiresBuild: true
    dev: true
    optional: true

  registry.npmjs.org/@rollup/rollup-linux-x64-musl/4.3.0:
    resolution: {integrity: sha512-tJs7v2MnV2F8w6X1UpPHl/43OfxjUy9SuJ2ZPoxn79v9vYteChVYO/ueLHCpRMmyTUIVML3N9z4azl9ENH8Xxg==, registry: https://registry.yarnpkg.com/, tarball: https://registry.npmjs.org/@rollup/rollup-linux-x64-musl/-/rollup-linux-x64-musl-4.3.0.tgz}
    name: '@rollup/rollup-linux-x64-musl'
    version: 4.3.0
    cpu: [x64]
    os: [linux]
    requiresBuild: true
    dev: true
    optional: true

  registry.npmjs.org/@rollup/rollup-win32-arm64-msvc/4.3.0:
    resolution: {integrity: sha512-OKGxp6kATQdTyI2DF+e9s+hB3/QZB45b6e+dzcfW1SUqiF6CviWyevhmT4USsMEdP3mlpC9zxLz3Oh+WaTMOSw==, registry: https://registry.yarnpkg.com/, tarball: https://registry.npmjs.org/@rollup/rollup-win32-arm64-msvc/-/rollup-win32-arm64-msvc-4.3.0.tgz}
    name: '@rollup/rollup-win32-arm64-msvc'
    version: 4.3.0
    cpu: [arm64]
    os: [win32]
    requiresBuild: true
    dev: true
    optional: true

  registry.npmjs.org/@rollup/rollup-win32-ia32-msvc/4.3.0:
    resolution: {integrity: sha512-DDZ5AH68JJ2ClQFEA1aNnfA7Ybqyeh0644rGbrLOdNehTmzfICHiWSn0OprzYi9HAshTPQvlwrM+bi2kuaIOjQ==, registry: https://registry.yarnpkg.com/, tarball: https://registry.npmjs.org/@rollup/rollup-win32-ia32-msvc/-/rollup-win32-ia32-msvc-4.3.0.tgz}
    name: '@rollup/rollup-win32-ia32-msvc'
    version: 4.3.0
    cpu: [ia32]
    os: [win32]
    requiresBuild: true
    dev: true
    optional: true

  registry.npmjs.org/@rollup/rollup-win32-x64-msvc/4.3.0:
    resolution: {integrity: sha512-dMvGV8p92GQ8jhNlGIKpyhVZPzJlT258pPrM5q2F8lKcc9Iv9BbfdnhX1OfinYWnb9ms5zLw6MlaMnqLfUkKnQ==, registry: https://registry.yarnpkg.com/, tarball: https://registry.npmjs.org/@rollup/rollup-win32-x64-msvc/-/rollup-win32-x64-msvc-4.3.0.tgz}
    name: '@rollup/rollup-win32-x64-msvc'
    version: 4.3.0
    cpu: [x64]
    os: [win32]
    requiresBuild: true
    dev: true
    optional: true

  registry.npmjs.org/@types/estree/1.0.4:
    resolution: {integrity: sha512-2JwWnHK9H+wUZNorf2Zr6ves96WHoWDJIftkcxPKsS7Djta6Zu519LarhRNljPXkpsZR2ZMwNCPeW7omW07BJw==, registry: https://registry.yarnpkg.com/, tarball: https://registry.npmjs.org/@types/estree/-/estree-1.0.4.tgz}
    name: '@types/estree'
    version: 1.0.4
    dev: true

  registry.npmjs.org/@types/fs-extra/8.1.4:
    resolution: {integrity: sha512-OMcQKnlrkrOI0TaZ/MgVDA8LYFl7CykzFsjMj9l5x3un2nFxCY20ZFlnqrM0lcqlbs0Yro2HbnZlmopyRaoJ5w==, registry: https://registry.yarnpkg.com/, tarball: https://registry.npmjs.org/@types/fs-extra/-/fs-extra-8.1.4.tgz}
    name: '@types/fs-extra'
    version: 8.1.4
    dependencies:
      '@types/node': registry.npmjs.org/@types/node/20.8.10
    dev: true

  registry.npmjs.org/@types/glob/7.2.0:
    resolution: {integrity: sha512-ZUxbzKl0IfJILTS6t7ip5fQQM/J3TJYubDm3nMbgubNNYS62eXeUpoLUC8/7fJNiFYHTrGPQn7hspDUzIHX3UA==, registry: https://registry.yarnpkg.com/, tarball: https://registry.npmjs.org/@types/glob/-/glob-7.2.0.tgz}
    name: '@types/glob'
    version: 7.2.0
    dependencies:
      '@types/minimatch': registry.npmjs.org/@types/minimatch/5.1.2
      '@types/node': registry.npmjs.org/@types/node/20.8.10
    dev: true

  registry.npmjs.org/@types/minimatch/5.1.2:
    resolution: {integrity: sha512-K0VQKziLUWkVKiRVrx4a40iPaxTUefQmjtkQofBkYRcoaaL/8rhwDWww9qWbrgicNOgnpIsMxyNIUM4+n6dUIA==, registry: https://registry.yarnpkg.com/, tarball: https://registry.npmjs.org/@types/minimatch/-/minimatch-5.1.2.tgz}
    name: '@types/minimatch'
    version: 5.1.2
    dev: true

  registry.npmjs.org/@types/node/20.8.10:
    resolution: {integrity: sha512-TlgT8JntpcbmKUFzjhsyhGfP2fsiz1Mv56im6enJ905xG1DAYesxJaeSbGqQmAw8OWPdhyJGhGSQGKRNJ45u9w==, registry: https://registry.yarnpkg.com/, tarball: https://registry.npmjs.org/@types/node/-/node-20.8.10.tgz}
    name: '@types/node'
    version: 20.8.10
    dependencies:
      undici-types: registry.npmjs.org/undici-types/5.26.5
    dev: true

  registry.npmjs.org/@types/resolve/0.0.8:
    resolution: {integrity: sha512-auApPaJf3NPfe18hSoJkp8EbZzer2ISk7o8mCC3M9he/a04+gbMF97NkpD2S8riMGvm4BMRI59/SZQSaLTKpsQ==, registry: https://registry.yarnpkg.com/, tarball: https://registry.npmjs.org/@types/resolve/-/resolve-0.0.8.tgz}
    name: '@types/resolve'
    version: 0.0.8
    dependencies:
      '@types/node': registry.npmjs.org/@types/node/20.8.10
    dev: true

  registry.npmjs.org/@types/resolve/1.20.2:
    resolution: {integrity: sha512-60BCwRFOZCQhDncwQdxxeOEEkbc5dIMccYLwbxsS4TUNeVECQ/pBJ0j09mrHOl/JJvpRPGwO9SvE4nR2Nb/a4Q==, registry: https://registry.yarnpkg.com/, tarball: https://registry.npmjs.org/@types/resolve/-/resolve-1.20.2.tgz}
    name: '@types/resolve'
    version: 1.20.2
    dev: true

  registry.npmjs.org/acorn/8.11.2:
    resolution: {integrity: sha512-nc0Axzp/0FILLEVsm4fNwLCwMttvhEI263QtVPQcbpfZZ3ts0hLsZGOpE6czNlid7CJ9MlyH8reXkpsf3YUY4w==, registry: https://registry.yarnpkg.com/, tarball: https://registry.npmjs.org/acorn/-/acorn-8.11.2.tgz}
    name: acorn
    version: 8.11.2
    engines: {node: '>=0.4.0'}
    hasBin: true
    dev: true

  registry.npmjs.org/array-union/2.1.0:
    resolution: {integrity: sha512-HGyxoOTYUyCM6stUe6EJgnd4EoewAI7zMdfqO+kGjnlZmBDz/cR5pf8r/cR4Wq60sL/p0IkcjUEEPwS3GFrIyw==, registry: https://registry.yarnpkg.com/, tarball: https://registry.npmjs.org/array-union/-/array-union-2.1.0.tgz}
    name: array-union
    version: 2.1.0
    engines: {node: '>=8'}
    dev: true

  registry.npmjs.org/balanced-match/1.0.2:
    resolution: {integrity: sha512-3oSeUO0TMV67hN1AmbXsK4yaqU7tjiHlbxRDZOpH0KW9+CeX4bRAaX0Anxt0tx2MrpRpWwQaPwIlISEJhYU5Pw==, registry: https://registry.yarnpkg.com/, tarball: https://registry.npmjs.org/balanced-match/-/balanced-match-1.0.2.tgz}
    name: balanced-match
    version: 1.0.2
    dev: true

  registry.npmjs.org/brace-expansion/1.1.11:
    resolution: {integrity: sha512-iCuPHDFgrHX7H2vEI/5xpz07zSHB00TpugqhmYtVmMO6518mCuRMoOYFldEBl0g187ufozdaHgWKcYFb61qGiA==, registry: https://registry.yarnpkg.com/, tarball: https://registry.npmjs.org/brace-expansion/-/brace-expansion-1.1.11.tgz}
    name: brace-expansion
    version: 1.1.11
    dependencies:
      balanced-match: registry.npmjs.org/balanced-match/1.0.2
      concat-map: registry.npmjs.org/concat-map/0.0.1
    dev: true

  registry.npmjs.org/brace-expansion/2.0.1:
    resolution: {integrity: sha512-XnAIvQ8eM+kC6aULx6wuQiwVsnzsi9d3WxzV3FpWTGA19F621kwdbsAcFKXgKUHZWsy+mY6iL1sHTxWEFCytDA==, registry: https://registry.yarnpkg.com/, tarball: https://registry.npmjs.org/brace-expansion/-/brace-expansion-2.0.1.tgz}
    name: brace-expansion
    version: 2.0.1
    dependencies:
      balanced-match: registry.npmjs.org/balanced-match/1.0.2
    dev: true

  registry.npmjs.org/braces/3.0.2:
    resolution: {integrity: sha512-b8um+L1RzM3WDSzvhm6gIz1yfTbBt6YTlcEKAvsmqCZZFw46z626lVj9j1yEPW33H5H+lBQpZMP1k8l+78Ha0A==, registry: https://registry.yarnpkg.com/, tarball: https://registry.npmjs.org/braces/-/braces-3.0.2.tgz}
    name: braces
    version: 3.0.2
    engines: {node: '>=8'}
    dependencies:
      fill-range: registry.npmjs.org/fill-range/7.0.1
    dev: true

  registry.npmjs.org/buffer-from/1.1.2:
    resolution: {integrity: sha512-E+XQCRwSbaaiChtv6k6Dwgc+bx+Bs6vuKJHHl5kox/BaKbhiXzqQOwK4cO22yElGp2OCmjwVhT3HmxgyPGnJfQ==, registry: https://registry.yarnpkg.com/, tarball: https://registry.npmjs.org/buffer-from/-/buffer-from-1.1.2.tgz}
    name: buffer-from
    version: 1.1.2
    dev: true

  registry.npmjs.org/builtin-modules/3.3.0:
    resolution: {integrity: sha512-zhaCDicdLuWN5UbN5IMnFqNMhNfo919sH85y2/ea+5Yg9TsTkeZxpL+JLbp6cgYFS4sRLp3YV4S6yDuqVWHYOw==, registry: https://registry.yarnpkg.com/, tarball: https://registry.npmjs.org/builtin-modules/-/builtin-modules-3.3.0.tgz}
    name: builtin-modules
    version: 3.3.0
    engines: {node: '>=6'}
    dev: true

  registry.npmjs.org/colorette/1.4.0:
    resolution: {integrity: sha512-Y2oEozpomLn7Q3HFP7dpww7AtMJplbM9lGZP6RDfHqmbeRjiwRg4n6VM6j4KLmRke85uWEI7JqF17f3pqdRA0g==, registry: https://registry.yarnpkg.com/, tarball: https://registry.npmjs.org/colorette/-/colorette-1.4.0.tgz}
    name: colorette
    version: 1.4.0
    dev: true

  registry.npmjs.org/commander/2.20.3:
    resolution: {integrity: sha512-GpVkmM8vF2vQUkj2LvZmD35JxeJOLCwJ9cUkugyk2nuhbv3+mJvpLYYt+0+USMxE+oj+ey/lJEnhZw75x/OMcQ==, registry: https://registry.yarnpkg.com/, tarball: https://registry.npmjs.org/commander/-/commander-2.20.3.tgz}
    name: commander
    version: 2.20.3
    dev: true

  registry.npmjs.org/commondir/1.0.1:
    resolution: {integrity: sha512-W9pAhw0ja1Edb5GVdIF1mjZw/ASI0AlShXM83UUGe2DVr5TdAPEA1OA8m/g8zWp9x6On7gqufY+FatDbC3MDQg==, registry: https://registry.yarnpkg.com/, tarball: https://registry.npmjs.org/commondir/-/commondir-1.0.1.tgz}
    name: commondir
    version: 1.0.1
    dev: true

  registry.npmjs.org/concat-map/0.0.1:
    resolution: {integrity: sha512-/Srv4dswyQNBfohGpz9o6Yb3Gz3SrUDqBH5rTuhGR7ahtlbYKnVxw2bCFMRljaA7EXHaXZ8wsHdodFvbkhKmqg==, registry: https://registry.yarnpkg.com/, tarball: https://registry.npmjs.org/concat-map/-/concat-map-0.0.1.tgz}
    name: concat-map
    version: 0.0.1
    dev: true

  registry.npmjs.org/deepmerge/4.3.1:
    resolution: {integrity: sha512-3sUqbMEc77XqpdNO7FRyRog+eW3ph+GYCbj+rK+uYyRMuwsVy0rMiVtPn+QJlKFvWP/1PYpapqYn0Me2knFn+A==, registry: https://registry.yarnpkg.com/, tarball: https://registry.npmjs.org/deepmerge/-/deepmerge-4.3.1.tgz}
    name: deepmerge
    version: 4.3.1
    engines: {node: '>=0.10.0'}
    dev: true

  registry.npmjs.org/dir-glob/3.0.1:
    resolution: {integrity: sha512-WkrWp9GR4KXfKGYzOLmTuGVi1UWFfws377n9cc55/tb6DuqyF6pcQ5AbiHEshaDpY9v6oaSr2XCDidGmMwdzIA==, registry: https://registry.yarnpkg.com/, tarball: https://registry.npmjs.org/dir-glob/-/dir-glob-3.0.1.tgz}
    name: dir-glob
    version: 3.0.1
    engines: {node: '>=8'}
    dependencies:
      path-type: registry.npmjs.org/path-type/4.0.0
    dev: true

  registry.npmjs.org/estree-walker/0.6.1:
    resolution: {integrity: sha512-SqmZANLWS0mnatqbSfRP5g8OXZC12Fgg1IwNtLsyHDzJizORW4khDfjPqJZsemPWBB2uqykUah5YpQ6epsqC/w==, registry: https://registry.yarnpkg.com/, tarball: https://registry.npmjs.org/estree-walker/-/estree-walker-0.6.1.tgz}
    name: estree-walker
    version: 0.6.1
    dev: true

  registry.npmjs.org/estree-walker/2.0.2:
    resolution: {integrity: sha512-Rfkk/Mp/DL7JVje3u18FxFujQlTNR2q6QfMSMB7AvCBx91NGj/ba3kCfza0f6dVDbw7YlRf/nDrn7pQrCCyQ/w==, registry: https://registry.yarnpkg.com/, tarball: https://registry.npmjs.org/estree-walker/-/estree-walker-2.0.2.tgz}
    name: estree-walker
    version: 2.0.2
    dev: true

  registry.npmjs.org/fast-glob/3.3.2:
    resolution: {integrity: sha512-oX2ruAFQwf/Orj8m737Y5adxDQO0LAB7/S5MnxCdTNDd4p6BsyIVsv9JQsATbTSq8KHRpLwIHbVlUNatxd+1Ow==, registry: https://registry.yarnpkg.com/, tarball: https://registry.npmjs.org/fast-glob/-/fast-glob-3.3.2.tgz}
    name: fast-glob
    version: 3.3.2
    engines: {node: '>=8.6.0'}
    dependencies:
      '@nodelib/fs.stat': registry.npmjs.org/@nodelib/fs.stat/2.0.5
      '@nodelib/fs.walk': registry.npmjs.org/@nodelib/fs.walk/1.2.8
      glob-parent: registry.npmjs.org/glob-parent/5.1.2
      merge2: registry.npmjs.org/merge2/1.4.1
      micromatch: registry.npmjs.org/micromatch/4.0.5
    dev: true

  registry.npmjs.org/fastq/1.15.0:
    resolution: {integrity: sha512-wBrocU2LCXXa+lWBt8RoIRD89Fi8OdABODa/kEnyeyjS5aZO5/GNvI5sEINADqP/h8M29UHTHUb53sUu5Ihqdw==, registry: https://registry.yarnpkg.com/, tarball: https://registry.npmjs.org/fastq/-/fastq-1.15.0.tgz}
    name: fastq
    version: 1.15.0
    dependencies:
      reusify: registry.npmjs.org/reusify/1.0.4
    dev: true

  registry.npmjs.org/fill-range/7.0.1:
    resolution: {integrity: sha512-qOo9F+dMUmC2Lcb4BbVvnKJxTPjCm+RRpe4gDuGrzkL7mEVl/djYSu2OdQ2Pa302N4oqkSg9ir6jaLWJ2USVpQ==, registry: https://registry.yarnpkg.com/, tarball: https://registry.npmjs.org/fill-range/-/fill-range-7.0.1.tgz}
    name: fill-range
    version: 7.0.1
    engines: {node: '>=8'}
    dependencies:
      to-regex-range: registry.npmjs.org/to-regex-range/5.0.1
    dev: true

  registry.npmjs.org/fs-extra/8.1.0:
    resolution: {integrity: sha512-yhlQgA6mnOJUKOsRUFsgJdQCvkKhcz8tlZG5HBQfReYZy46OwLcY+Zia0mtdHsOo9y/hP+CxMN0TU9QxoOtG4g==, registry: https://registry.yarnpkg.com/, tarball: https://registry.npmjs.org/fs-extra/-/fs-extra-8.1.0.tgz}
    name: fs-extra
    version: 8.1.0
    engines: {node: '>=6 <7 || >=8'}
    dependencies:
      graceful-fs: registry.npmjs.org/graceful-fs/4.2.11
      jsonfile: registry.npmjs.org/jsonfile/4.0.0
      universalify: registry.npmjs.org/universalify/0.1.2
    dev: true

  registry.npmjs.org/fs.realpath/1.0.0:
    resolution: {integrity: sha512-OO0pH2lK6a0hZnAdau5ItzHPI6pUlvI7jMVnxUQRtw4owF2wk8lOSabtGDCTP4Ggrg2MbGnWO9X8K1t4+fGMDw==, registry: https://registry.yarnpkg.com/, tarball: https://registry.npmjs.org/fs.realpath/-/fs.realpath-1.0.0.tgz}
    name: fs.realpath
    version: 1.0.0
    dev: true

  registry.npmjs.org/fsevents/2.3.3:
    resolution: {integrity: sha512-5xoDfX+fL7faATnagmWPpbFtwh/R77WmMMqqHGS65C3vvB0YHrgF+B1YmZ3441tMj5n63k0212XNoJwzlhffQw==, registry: https://registry.yarnpkg.com/, tarball: https://registry.npmjs.org/fsevents/-/fsevents-2.3.3.tgz}
    name: fsevents
    version: 2.3.3
    engines: {node: ^8.16.0 || ^10.6.0 || >=11.0.0}
    os: [darwin]
    requiresBuild: true
    dev: true
    optional: true

  registry.npmjs.org/function-bind/1.1.2:
    resolution: {integrity: sha512-7XHNxH7qX9xG5mIwxkhumTox/MIRNcOgDrxWsMt2pAr23WHp6MrRlN7FBSFpCpr+oVO0F744iUgR82nJMfG2SA==, registry: https://registry.yarnpkg.com/, tarball: https://registry.npmjs.org/function-bind/-/function-bind-1.1.2.tgz}
    name: function-bind
    version: 1.1.2
    dev: true

  registry.npmjs.org/glob-parent/5.1.2:
    resolution: {integrity: sha512-AOIgSQCepiJYwP3ARnGx+5VnTu2HBYdzbGP45eLw1vr3zB3vZLeyed1sC9hnbcOc9/SrMyM5RPQrkGz4aS9Zow==, registry: https://registry.yarnpkg.com/, tarball: https://registry.npmjs.org/glob-parent/-/glob-parent-5.1.2.tgz}
    name: glob-parent
    version: 5.1.2
    engines: {node: '>= 6'}
    dependencies:
      is-glob: registry.npmjs.org/is-glob/4.0.3
    dev: true

  registry.npmjs.org/glob/7.2.3:
    resolution: {integrity: sha512-nFR0zLpU2YCaRxwoCJvL6UvCH2JFyFVIvwTLsIf21AuHlMskA1hhTdk+LlYJtOlYt9v6dvszD2BGRqBL+iQK9Q==, registry: https://registry.yarnpkg.com/, tarball: https://registry.npmjs.org/glob/-/glob-7.2.3.tgz}
    name: glob
    version: 7.2.3
    dependencies:
      fs.realpath: registry.npmjs.org/fs.realpath/1.0.0
      inflight: registry.npmjs.org/inflight/1.0.6
      inherits: registry.npmjs.org/inherits/2.0.4
      minimatch: registry.npmjs.org/minimatch/3.1.2
      once: registry.npmjs.org/once/1.4.0
      path-is-absolute: registry.npmjs.org/path-is-absolute/1.0.1
    dev: true

  registry.npmjs.org/glob/8.1.0:
    resolution: {integrity: sha512-r8hpEjiQEYlF2QU0df3dS+nxxSIreXQS1qRhMJM0Q5NDdR386C7jb7Hwwod8Fgiuex+k0GFjgft18yvxm5XoCQ==, registry: https://registry.yarnpkg.com/, tarball: https://registry.npmjs.org/glob/-/glob-8.1.0.tgz}
    name: glob
    version: 8.1.0
    engines: {node: '>=12'}
    dependencies:
      fs.realpath: registry.npmjs.org/fs.realpath/1.0.0
      inflight: registry.npmjs.org/inflight/1.0.6
      inherits: registry.npmjs.org/inherits/2.0.4
      minimatch: registry.npmjs.org/minimatch/5.1.6
      once: registry.npmjs.org/once/1.4.0
    dev: true

  registry.npmjs.org/globby/10.0.1:
    resolution: {integrity: sha512-sSs4inE1FB2YQiymcmTv6NWENryABjUNPeWhOvmn4SjtKybglsyPZxFB3U1/+L1bYi0rNZDqCLlHyLYDl1Pq5A==, registry: https://registry.yarnpkg.com/, tarball: https://registry.npmjs.org/globby/-/globby-10.0.1.tgz}
    name: globby
    version: 10.0.1
    engines: {node: '>=8'}
    dependencies:
      '@types/glob': registry.npmjs.org/@types/glob/7.2.0
      array-union: registry.npmjs.org/array-union/2.1.0
      dir-glob: registry.npmjs.org/dir-glob/3.0.1
      fast-glob: registry.npmjs.org/fast-glob/3.3.2
      glob: registry.npmjs.org/glob/7.2.3
      ignore: registry.npmjs.org/ignore/5.2.4
      merge2: registry.npmjs.org/merge2/1.4.1
      slash: registry.npmjs.org/slash/3.0.0
    dev: true

  registry.npmjs.org/graceful-fs/4.2.11:
    resolution: {integrity: sha512-RbJ5/jmFcNNCcDV5o9eTnBLJ/HszWV0P73bc+Ff4nS/rJj+YaS6IGyiOL0VoBYX+l1Wrl3k63h/KrH+nhJ0XvQ==, registry: https://registry.yarnpkg.com/, tarball: https://registry.npmjs.org/graceful-fs/-/graceful-fs-4.2.11.tgz}
    name: graceful-fs
    version: 4.2.11
    dev: true

  registry.npmjs.org/hasown/2.0.0:
    resolution: {integrity: sha512-vUptKVTpIJhcczKBbgnS+RtcuYMB8+oNzPK2/Hp3hanz8JmpATdmmgLgSaadVREkDm+e2giHwY3ZRkyjSIDDFA==, registry: https://registry.yarnpkg.com/, tarball: https://registry.npmjs.org/hasown/-/hasown-2.0.0.tgz}
    name: hasown
    version: 2.0.0
    engines: {node: '>= 0.4'}
    dependencies:
      function-bind: registry.npmjs.org/function-bind/1.1.2
    dev: true

  registry.npmjs.org/ignore/5.2.4:
    resolution: {integrity: sha512-MAb38BcSbH0eHNBxn7ql2NH/kX33OkB3lZ1BNdh7ENeRChHTYsTvWrMubiIAMNS2llXEEgZ1MUOBtXChP3kaFQ==, registry: https://registry.yarnpkg.com/, tarball: https://registry.npmjs.org/ignore/-/ignore-5.2.4.tgz}
    name: ignore
    version: 5.2.4
    engines: {node: '>= 4'}
    dev: true

  registry.npmjs.org/inflight/1.0.6:
    resolution: {integrity: sha512-k92I/b08q4wvFscXCLvqfsHCrjrF7yiXsQuIVvVE7N82W3+aqpzuUdBbfhWcy/FZR3/4IgflMgKLOsvPDrGCJA==, registry: https://registry.yarnpkg.com/, tarball: https://registry.npmjs.org/inflight/-/inflight-1.0.6.tgz}
    name: inflight
    version: 1.0.6
    dependencies:
      once: registry.npmjs.org/once/1.4.0
      wrappy: registry.npmjs.org/wrappy/1.0.2
    dev: true

  registry.npmjs.org/inherits/2.0.4:
    resolution: {integrity: sha512-k/vGaX4/Yla3WzyMCvTQOXYeIHvqOKtnqBduzTHpzpQZzAskKMhZ2K+EnBiSM9zGSoIFeMpXKxa4dYeZIQqewQ==, registry: https://registry.yarnpkg.com/, tarball: https://registry.npmjs.org/inherits/-/inherits-2.0.4.tgz}
    name: inherits
    version: 2.0.4
    dev: true

  registry.npmjs.org/is-builtin-module/3.2.1:
    resolution: {integrity: sha512-BSLE3HnV2syZ0FK0iMA/yUGplUeMmNz4AW5fnTunbCIqZi4vG3WjJT9FHMy5D69xmAYBHXQhJdALdpwVxV501A==, registry: https://registry.yarnpkg.com/, tarball: https://registry.npmjs.org/is-builtin-module/-/is-builtin-module-3.2.1.tgz}
    name: is-builtin-module
    version: 3.2.1
    engines: {node: '>=6'}
    dependencies:
      builtin-modules: registry.npmjs.org/builtin-modules/3.3.0
    dev: true

  registry.npmjs.org/is-core-module/2.13.1:
    resolution: {integrity: sha512-hHrIjvZsftOsvKSn2TRYl63zvxsgE0K+0mYMoH6gD4omR5IWB2KynivBQczo3+wF1cCkjzvptnI9Q0sPU66ilw==, registry: https://registry.yarnpkg.com/, tarball: https://registry.npmjs.org/is-core-module/-/is-core-module-2.13.1.tgz}
    name: is-core-module
    version: 2.13.1
    dependencies:
      hasown: registry.npmjs.org/hasown/2.0.0
    dev: true

  registry.npmjs.org/is-extglob/2.1.1:
    resolution: {integrity: sha512-SbKbANkN603Vi4jEZv49LeVJMn4yGwsbzZworEoyEiutsN3nJYdbO36zfhGJ6QEDpOZIFkDtnq5JRxmvl3jsoQ==, registry: https://registry.yarnpkg.com/, tarball: https://registry.npmjs.org/is-extglob/-/is-extglob-2.1.1.tgz}
    name: is-extglob
    version: 2.1.1
    engines: {node: '>=0.10.0'}
    dev: true

  registry.npmjs.org/is-glob/4.0.3:
    resolution: {integrity: sha512-xelSayHH36ZgE7ZWhli7pW34hNbNl8Ojv5KVmkJD4hBdD3th8Tfk9vYasLM+mXWOZhFkgZfxhLSnrwRr4elSSg==, registry: https://registry.yarnpkg.com/, tarball: https://registry.npmjs.org/is-glob/-/is-glob-4.0.3.tgz}
    name: is-glob
    version: 4.0.3
    engines: {node: '>=0.10.0'}
    dependencies:
      is-extglob: registry.npmjs.org/is-extglob/2.1.1
    dev: true

  registry.npmjs.org/is-module/1.0.0:
    resolution: {integrity: sha512-51ypPSPCoTEIN9dy5Oy+h4pShgJmPCygKfyRCISBI+JoWT/2oJvK8QPxmwv7b/p239jXrm9M1mlQbyKJ5A152g==, registry: https://registry.yarnpkg.com/, tarball: https://registry.npmjs.org/is-module/-/is-module-1.0.0.tgz}
    name: is-module
    version: 1.0.0
    dev: true

  registry.npmjs.org/is-number/7.0.0:
    resolution: {integrity: sha512-41Cifkg6e8TylSpdtTpeLVMqvSBEVzTttHvERD741+pnZ8ANv0004MRL43QKPDlK9cGvNp6NZWZUBlbGXYxxng==, registry: https://registry.yarnpkg.com/, tarball: https://registry.npmjs.org/is-number/-/is-number-7.0.0.tgz}
    name: is-number
    version: 7.0.0
    engines: {node: '>=0.12.0'}
    dev: true

  registry.npmjs.org/is-plain-object/3.0.1:
    resolution: {integrity: sha512-Xnpx182SBMrr/aBik8y+GuR4U1L9FqMSojwDQwPMmxyC6bvEqly9UBCxhauBF5vNh2gwWJNX6oDV7O+OM4z34g==, registry: https://registry.yarnpkg.com/, tarball: https://registry.npmjs.org/is-plain-object/-/is-plain-object-3.0.1.tgz}
    name: is-plain-object
    version: 3.0.1
    engines: {node: '>=0.10.0'}
    dev: true

  registry.npmjs.org/is-reference/1.2.1:
    resolution: {integrity: sha512-U82MsXXiFIrjCK4otLT+o2NA2Cd2g5MLoOVXUZjIOhLurrRxpEXzI8O0KZHr3IjLvlAH1kTPYSuqer5T9ZVBKQ==, registry: https://registry.yarnpkg.com/, tarball: https://registry.npmjs.org/is-reference/-/is-reference-1.2.1.tgz}
    name: is-reference
    version: 1.2.1
    dependencies:
      '@types/estree': registry.npmjs.org/@types/estree/1.0.4
    dev: true

  registry.npmjs.org/jsonfile/4.0.0:
    resolution: {integrity: sha512-m6F1R3z8jjlf2imQHS2Qez5sjKWQzbuuhuJ/FKYFRZvPE3PuHcSMVZzfsLhGVOkfd20obL5SWEBew5ShlquNxg==, registry: https://registry.yarnpkg.com/, tarball: https://registry.npmjs.org/jsonfile/-/jsonfile-4.0.0.tgz}
    name: jsonfile
    version: 4.0.0
    optionalDependencies:
      graceful-fs: registry.npmjs.org/graceful-fs/4.2.11
    dev: true

  registry.npmjs.org/lodash-es/4.17.21:
    resolution: {integrity: sha512-mKnC+QJ9pWVzv+C4/U3rRsHapFfHvQFoFB92e52xeyGMcX6/OlIl78je1u8vePzYZSkkogMPJ2yjxxsb89cxyw==, registry: https://registry.yarnpkg.com/, tarball: https://registry.npmjs.org/lodash-es/-/lodash-es-4.17.21.tgz}
    name: lodash-es
    version: 4.17.21
    dev: false

  registry.npmjs.org/magic-string/0.30.5:
    resolution: {integrity: sha512-7xlpfBaQaP/T6Vh8MO/EqXSW5En6INHEvEXQiuff7Gku0PWjU3uf6w/j9o7O+SpB5fOAkrI5HeoNgwjEO0pFsA==, registry: https://registry.yarnpkg.com/, tarball: https://registry.npmjs.org/magic-string/-/magic-string-0.30.5.tgz}
    name: magic-string
    version: 0.30.5
    engines: {node: '>=12'}
    dependencies:
      '@jridgewell/sourcemap-codec': registry.npmjs.org/@jridgewell/sourcemap-codec/1.4.15
    dev: true

  registry.npmjs.org/merge2/1.4.1:
    resolution: {integrity: sha512-8q7VEgMJW4J8tcfVPy8g09NcQwZdbwFEqhe/WZkoIzjn/3TGDwtOCYtXGxA3O8tPzpczCCDgv+P2P5y00ZJOOg==, registry: https://registry.yarnpkg.com/, tarball: https://registry.npmjs.org/merge2/-/merge2-1.4.1.tgz}
    name: merge2
    version: 1.4.1
    engines: {node: '>= 8'}
    dev: true

  registry.npmjs.org/micromatch/4.0.5:
    resolution: {integrity: sha512-DMy+ERcEW2q8Z2Po+WNXuw3c5YaUSFjAO5GsJqfEl7UjvtIuFKO6ZrKvcItdy98dwFI2N1tg3zNIdKaQT+aNdA==, registry: https://registry.yarnpkg.com/, tarball: https://registry.npmjs.org/micromatch/-/micromatch-4.0.5.tgz}
    name: micromatch
    version: 4.0.5
    engines: {node: '>=8.6'}
    dependencies:
      braces: registry.npmjs.org/braces/3.0.2
      picomatch: registry.npmjs.org/picomatch/2.3.1
    dev: true

  registry.npmjs.org/minimatch/3.1.2:
    resolution: {integrity: sha512-J7p63hRiAjw1NDEww1W7i37+ByIrOWO5XQQAzZ3VOcL0PNybwpfmV/N05zFAzwQ9USyEcX6t3UO+K5aqBQOIHw==, registry: https://registry.yarnpkg.com/, tarball: https://registry.npmjs.org/minimatch/-/minimatch-3.1.2.tgz}
    name: minimatch
    version: 3.1.2
    dependencies:
      brace-expansion: registry.npmjs.org/brace-expansion/1.1.11
    dev: true

  registry.npmjs.org/minimatch/5.1.6:
    resolution: {integrity: sha512-lKwV/1brpG6mBUFHtb7NUmtABCb2WZZmm2wNiOA5hAb8VdCS4B3dtMWyvcoViccwAW/COERjXLt0zP1zXUN26g==, registry: https://registry.yarnpkg.com/, tarball: https://registry.npmjs.org/minimatch/-/minimatch-5.1.6.tgz}
    name: minimatch
    version: 5.1.6
    engines: {node: '>=10'}
    dependencies:
      brace-expansion: registry.npmjs.org/brace-expansion/2.0.1
    dev: true

  registry.npmjs.org/once/1.4.0:
    resolution: {integrity: sha512-lNaJgI+2Q5URQBkccEKHTQOPaXdUxnZZElQTZY0MFUAuaEqe1E+Nyvgdz/aIyNi6Z9MzO5dv1H8n58/GELp3+w==, registry: https://registry.yarnpkg.com/, tarball: https://registry.npmjs.org/once/-/once-1.4.0.tgz}
    name: once
    version: 1.4.0
    dependencies:
      wrappy: registry.npmjs.org/wrappy/1.0.2
    dev: true

  registry.npmjs.org/path-is-absolute/1.0.1:
    resolution: {integrity: sha512-AVbw3UJ2e9bq64vSaS9Am0fje1Pa8pbGqTTsmXfaIiMpnr5DlDhfJOuLj9Sf95ZPVDAUerDfEk88MPmPe7UCQg==, registry: https://registry.yarnpkg.com/, tarball: https://registry.npmjs.org/path-is-absolute/-/path-is-absolute-1.0.1.tgz}
    name: path-is-absolute
    version: 1.0.1
    engines: {node: '>=0.10.0'}
    dev: true

  registry.npmjs.org/path-parse/1.0.7:
    resolution: {integrity: sha512-LDJzPVEEEPR+y48z93A0Ed0yXb8pAByGWo/k5YYdYgpY2/2EsOsksJrq7lOHxryrVOn1ejG6oAp8ahvOIQD8sw==, registry: https://registry.yarnpkg.com/, tarball: https://registry.npmjs.org/path-parse/-/path-parse-1.0.7.tgz}
    name: path-parse
    version: 1.0.7
    dev: true

  registry.npmjs.org/path-type/4.0.0:
    resolution: {integrity: sha512-gDKb8aZMDeD/tZWs9P6+q0J9Mwkdl6xMV8TjnGP3qJVJ06bdMgkbBlLU8IdfOsIsFz2BW1rNVT3XuNEl8zPAvw==, registry: https://registry.yarnpkg.com/, tarball: https://registry.npmjs.org/path-type/-/path-type-4.0.0.tgz}
    name: path-type
    version: 4.0.0
    engines: {node: '>=8'}
    dev: true

  registry.npmjs.org/picomatch/2.3.1:
    resolution: {integrity: sha512-JU3teHTNjmE2VCGFzuY8EXzCDVwEqB2a8fsIvwaStHhAWJEeVd1o1QD80CU6+ZdEXXSLbSsuLwJjkCBWqRQUVA==, registry: https://registry.yarnpkg.com/, tarball: https://registry.npmjs.org/picomatch/-/picomatch-2.3.1.tgz}
    name: picomatch
    version: 2.3.1
    engines: {node: '>=8.6'}
    dev: true

  registry.npmjs.org/prettier/3.0.3:
    resolution: {integrity: sha512-L/4pUDMxcNa8R/EthV08Zt42WBO4h1rarVtK0K+QJG0X187OLo7l699jWw0GKuwzkPQ//jMFA/8Xm6Fh3J/DAg==, registry: https://registry.yarnpkg.com/, tarball: https://registry.npmjs.org/prettier/-/prettier-3.0.3.tgz}
    name: prettier
    version: 3.0.3
    engines: {node: '>=14'}
    hasBin: true
    dev: true

  registry.npmjs.org/queue-microtask/1.2.3:
    resolution: {integrity: sha512-NuaNSa6flKT5JaSYQzJok04JzTL1CA6aGhv5rfLW3PgqA+M2ChpZQnAC8h8i4ZFkBS8X5RqkDBHA7r4hej3K9A==, registry: https://registry.yarnpkg.com/, tarball: https://registry.npmjs.org/queue-microtask/-/queue-microtask-1.2.3.tgz}
    name: queue-microtask
    version: 1.2.3
    dev: true

  registry.npmjs.org/randombytes/2.1.0:
    resolution: {integrity: sha512-vYl3iOX+4CKUWuxGi9Ukhie6fsqXqS9FE2Zaic4tNFD2N2QQaXOMFbuKK4QmDHC0JO6B1Zp41J0LpT0oR68amQ==, registry: https://registry.yarnpkg.com/, tarball: https://registry.npmjs.org/randombytes/-/randombytes-2.1.0.tgz}
    name: randombytes
    version: 2.1.0
    dependencies:
      safe-buffer: registry.npmjs.org/safe-buffer/5.2.1
    dev: true

  registry.npmjs.org/resolve/1.22.8:
    resolution: {integrity: sha512-oKWePCxqpd6FlLvGV1VU0x7bkPmmCNolxzjMf4NczoDnQcIWrAF+cPtZn5i6n+RfD2d9i0tzpKnG6Yk168yIyw==, registry: https://registry.yarnpkg.com/, tarball: https://registry.npmjs.org/resolve/-/resolve-1.22.8.tgz}
    name: resolve
    version: 1.22.8
    hasBin: true
    dependencies:
      is-core-module: registry.npmjs.org/is-core-module/2.13.1
      path-parse: registry.npmjs.org/path-parse/1.0.7
      supports-preserve-symlinks-flag: registry.npmjs.org/supports-preserve-symlinks-flag/1.0.0
    dev: true

  registry.npmjs.org/reusify/1.0.4:
    resolution: {integrity: sha512-U9nH88a3fc/ekCF1l0/UP1IosiuIjyTh7hBvXVMHYgVcfGvt897Xguj2UOLDeI5BG2m7/uwyaLVT6fbtCwTyzw==, registry: https://registry.yarnpkg.com/, tarball: https://registry.npmjs.org/reusify/-/reusify-1.0.4.tgz}
    name: reusify
    version: 1.0.4
    engines: {iojs: '>=1.0.0', node: '>=0.10.0'}
    dev: true

  registry.npmjs.org/rollup-plugin-copy/3.5.0:
    resolution: {integrity: sha512-wI8D5dvYovRMx/YYKtUNt3Yxaw4ORC9xo6Gt9t22kveWz1enG9QrhVlagzwrxSC455xD1dHMKhIJkbsQ7d48BA==, registry: https://registry.yarnpkg.com/, tarball: https://registry.npmjs.org/rollup-plugin-copy/-/rollup-plugin-copy-3.5.0.tgz}
    name: rollup-plugin-copy
    version: 3.5.0
    engines: {node: '>=8.3'}
    dependencies:
      '@types/fs-extra': registry.npmjs.org/@types/fs-extra/8.1.4
      colorette: registry.npmjs.org/colorette/1.4.0
      fs-extra: registry.npmjs.org/fs-extra/8.1.0
      globby: registry.npmjs.org/globby/10.0.1
      is-plain-object: registry.npmjs.org/is-plain-object/3.0.1
    dev: true

  registry.npmjs.org/rollup-plugin-node-resolve/5.2.0_rollup@4.3.0:
    resolution: {integrity: sha512-jUlyaDXts7TW2CqQ4GaO5VJ4PwwaV8VUGA7+km3n6k6xtOEacf61u0VXwN80phY/evMcaS+9eIeJ9MOyDxt5Zw==, registry: https://registry.yarnpkg.com/, tarball: https://registry.npmjs.org/rollup-plugin-node-resolve/-/rollup-plugin-node-resolve-5.2.0.tgz}
    id: registry.npmjs.org/rollup-plugin-node-resolve/5.2.0
    name: rollup-plugin-node-resolve
    version: 5.2.0
    deprecated: This package has been deprecated and is no longer maintained. Please use @rollup/plugin-node-resolve.
    peerDependencies:
      rollup: '>=1.11.0'
    dependencies:
      '@types/resolve': registry.npmjs.org/@types/resolve/0.0.8
      builtin-modules: registry.npmjs.org/builtin-modules/3.3.0
      is-module: registry.npmjs.org/is-module/1.0.0
      resolve: registry.npmjs.org/resolve/1.22.8
      rollup: registry.npmjs.org/rollup/4.3.0
      rollup-pluginutils: registry.npmjs.org/rollup-pluginutils/2.8.2
    dev: true

  registry.npmjs.org/rollup-pluginutils/2.8.2:
    resolution: {integrity: sha512-EEp9NhnUkwY8aif6bxgovPHMoMoNr2FulJziTndpt5H9RdwC47GSGuII9XxpSdzVGM0GWrNPHV6ie1LTNJPaLQ==, registry: https://registry.yarnpkg.com/, tarball: https://registry.npmjs.org/rollup-pluginutils/-/rollup-pluginutils-2.8.2.tgz}
    name: rollup-pluginutils
    version: 2.8.2
    dependencies:
      estree-walker: registry.npmjs.org/estree-walker/0.6.1
    dev: true

  registry.npmjs.org/rollup/4.3.0:
    resolution: {integrity: sha512-scIi1NrKLDIYSPK66jjECtII7vIgdAMFmFo8h6qm++I6nN9qDSV35Ku6erzGVqYjx+lj+j5wkusRMr++8SyDZg==, registry: https://registry.yarnpkg.com/, tarball: https://registry.npmjs.org/rollup/-/rollup-4.3.0.tgz}
    name: rollup
    version: 4.3.0
    engines: {node: '>=18.0.0', npm: '>=8.0.0'}
    hasBin: true
    optionalDependencies:
      '@rollup/rollup-android-arm-eabi': registry.npmjs.org/@rollup/rollup-android-arm-eabi/4.3.0
      '@rollup/rollup-android-arm64': registry.npmjs.org/@rollup/rollup-android-arm64/4.3.0
      '@rollup/rollup-darwin-arm64': registry.npmjs.org/@rollup/rollup-darwin-arm64/4.3.0
      '@rollup/rollup-darwin-x64': registry.npmjs.org/@rollup/rollup-darwin-x64/4.3.0
      '@rollup/rollup-linux-arm-gnueabihf': registry.npmjs.org/@rollup/rollup-linux-arm-gnueabihf/4.3.0
      '@rollup/rollup-linux-arm64-gnu': registry.npmjs.org/@rollup/rollup-linux-arm64-gnu/4.3.0
      '@rollup/rollup-linux-arm64-musl': registry.npmjs.org/@rollup/rollup-linux-arm64-musl/4.3.0
      '@rollup/rollup-linux-x64-gnu': registry.npmjs.org/@rollup/rollup-linux-x64-gnu/4.3.0
      '@rollup/rollup-linux-x64-musl': registry.npmjs.org/@rollup/rollup-linux-x64-musl/4.3.0
      '@rollup/rollup-win32-arm64-msvc': registry.npmjs.org/@rollup/rollup-win32-arm64-msvc/4.3.0
      '@rollup/rollup-win32-ia32-msvc': registry.npmjs.org/@rollup/rollup-win32-ia32-msvc/4.3.0
      '@rollup/rollup-win32-x64-msvc': registry.npmjs.org/@rollup/rollup-win32-x64-msvc/4.3.0
      fsevents: registry.npmjs.org/fsevents/2.3.3
    dev: true

  registry.npmjs.org/run-parallel/1.2.0:
    resolution: {integrity: sha512-5l4VyZR86LZ/lDxZTR6jqL8AFE2S0IFLMP26AbjsLVADxHdhB/c0GUsH+y39UfCi3dzz8OlQuPmnaJOMoDHQBA==, registry: https://registry.yarnpkg.com/, tarball: https://registry.npmjs.org/run-parallel/-/run-parallel-1.2.0.tgz}
    name: run-parallel
    version: 1.2.0
    dependencies:
      queue-microtask: registry.npmjs.org/queue-microtask/1.2.3
    dev: true

  registry.npmjs.org/safe-buffer/5.2.1:
    resolution: {integrity: sha512-rp3So07KcdmmKbGvgaNxQSJr7bGVSVk5S9Eq1F+ppbRo70+YeaDxkw5Dd8NPN+GD6bjnYm2VuPuCXmpuYvmCXQ==, registry: https://registry.yarnpkg.com/, tarball: https://registry.npmjs.org/safe-buffer/-/safe-buffer-5.2.1.tgz}
    name: safe-buffer
    version: 5.2.1
    dev: true

  registry.npmjs.org/serialize-javascript/6.0.1:
    resolution: {integrity: sha512-owoXEFjWRllis8/M1Q+Cw5k8ZH40e3zhp/ovX+Xr/vi1qj6QesbyXXViFbpNvWvPNAD62SutwEXavefrLJWj7w==, registry: https://registry.yarnpkg.com/, tarball: https://registry.npmjs.org/serialize-javascript/-/serialize-javascript-6.0.1.tgz}
    name: serialize-javascript
    version: 6.0.1
    dependencies:
      randombytes: registry.npmjs.org/randombytes/2.1.0
    dev: true

  registry.npmjs.org/slash/3.0.0:
    resolution: {integrity: sha512-g9Q1haeby36OSStwb4ntCGGGaKsaVSjQ68fBxoQcutl5fS1vuY18H3wSt3jFyFtrkx+Kz0V1G85A4MyAdDMi2Q==, registry: https://registry.yarnpkg.com/, tarball: https://registry.npmjs.org/slash/-/slash-3.0.0.tgz}
    name: slash
    version: 3.0.0
    engines: {node: '>=8'}
    dev: true

  registry.npmjs.org/smob/1.4.1:
    resolution: {integrity: sha512-9LK+E7Hv5R9u4g4C3p+jjLstaLe11MDsL21UpYaCNmapvMkYhqCV4A/f/3gyH8QjMyh6l68q9xC85vihY9ahMQ==, registry: https://registry.yarnpkg.com/, tarball: https://registry.npmjs.org/smob/-/smob-1.4.1.tgz}
    name: smob
    version: 1.4.1
    dev: true

  registry.npmjs.org/source-map-support/0.5.21:
    resolution: {integrity: sha512-uBHU3L3czsIyYXKX88fdrGovxdSCoTGDRZ6SYXtSRxLZUzHg5P/66Ht6uoUlHu9EZod+inXhKo3qQgwXUT/y1w==, registry: https://registry.yarnpkg.com/, tarball: https://registry.npmjs.org/source-map-support/-/source-map-support-0.5.21.tgz}
    name: source-map-support
    version: 0.5.21
    dependencies:
      buffer-from: registry.npmjs.org/buffer-from/1.1.2
      source-map: registry.npmjs.org/source-map/0.6.1
    dev: true

  registry.npmjs.org/source-map/0.6.1:
    resolution: {integrity: sha512-UjgapumWlbMhkBgzT7Ykc5YXUT46F0iKu8SGXq0bcwP5dz/h0Plj6enJqjz1Zbq2l5WaqYnrVbwWOWMyF3F47g==, registry: https://registry.yarnpkg.com/, tarball: https://registry.npmjs.org/source-map/-/source-map-0.6.1.tgz}
    name: source-map
    version: 0.6.1
    engines: {node: '>=0.10.0'}
    dev: true

  registry.npmjs.org/supports-preserve-symlinks-flag/1.0.0:
    resolution: {integrity: sha512-ot0WnXS9fgdkgIcePe6RHNk1WA8+muPa6cSjeR3V8K27q9BB1rTE3R1p7Hv0z1ZyAc8s6Vvv8DIyWf681MAt0w==, registry: https://registry.yarnpkg.com/, tarball: https://registry.npmjs.org/supports-preserve-symlinks-flag/-/supports-preserve-symlinks-flag-1.0.0.tgz}
    name: supports-preserve-symlinks-flag
    version: 1.0.0
    engines: {node: '>= 0.4'}
    dev: true

  registry.npmjs.org/terser/5.24.0:
    resolution: {integrity: sha512-ZpGR4Hy3+wBEzVEnHvstMvqpD/nABNelQn/z2r0fjVWGQsN3bpOLzQlqDxmb4CDZnXq5lpjnQ+mHQLAOpfM5iw==, registry: https://registry.yarnpkg.com/, tarball: https://registry.npmjs.org/terser/-/terser-5.24.0.tgz}
    name: terser
    version: 5.24.0
    engines: {node: '>=10'}
    hasBin: true
    dependencies:
      '@jridgewell/source-map': registry.npmjs.org/@jridgewell/source-map/0.3.5
      acorn: registry.npmjs.org/acorn/8.11.2
      commander: registry.npmjs.org/commander/2.20.3
      source-map-support: registry.npmjs.org/source-map-support/0.5.21
    dev: true

  registry.npmjs.org/to-regex-range/5.0.1:
    resolution: {integrity: sha512-65P7iz6X5yEr1cwcgvQxbbIw7Uk3gOy5dIdtZ4rDveLqhrdJP+Li/Hx6tyK0NEb+2GCyneCMJiGqrADCSNk8sQ==, registry: https://registry.yarnpkg.com/, tarball: https://registry.npmjs.org/to-regex-range/-/to-regex-range-5.0.1.tgz}
    name: to-regex-range
    version: 5.0.1
    engines: {node: '>=8.0'}
    dependencies:
      is-number: registry.npmjs.org/is-number/7.0.0
    dev: true

  registry.npmjs.org/undici-types/5.26.5:
    resolution: {integrity: sha512-JlCMO+ehdEIKqlFxk6IfVoAUVmgz7cU7zD/h9XZ0qzeosSHmUJVOzSQvvYSYWXkFXC+IfLKSIffhv0sVZup6pA==, registry: https://registry.yarnpkg.com/, tarball: https://registry.npmjs.org/undici-types/-/undici-types-5.26.5.tgz}
    name: undici-types
    version: 5.26.5
    dev: true

  registry.npmjs.org/universalify/0.1.2:
    resolution: {integrity: sha512-rBJeI5CXAlmy1pV+617WB9J63U6XcazHHF2f2dbJix4XzpUF0RS3Zbj0FGIOCAva5P/d/GBOYaACQ1w+0azUkg==, registry: https://registry.yarnpkg.com/, tarball: https://registry.npmjs.org/universalify/-/universalify-0.1.2.tgz}
    name: universalify
    version: 0.1.2
    engines: {node: '>= 4.0.0'}
    dev: true

  registry.npmjs.org/wrappy/1.0.2:
    resolution: {integrity: sha512-l4Sp/DRseor9wL6EvV2+TuQn63dMkPjZ/sp9XkghTEbV9KlPS1xUsZ3u7/IQO4wxtcFB4bgpQPRcR3QCvezPcQ==, registry: https://registry.yarnpkg.com/, tarball: https://registry.npmjs.org/wrappy/-/wrappy-1.0.2.tgz}
    name: wrappy
    version: 1.0.2
    dev: true
